
Microsoft Visual Studio Solution File, Format Version 12.00
# Visual Studio Version 17
VisualStudioVersion = 17.9.34902.65
MinimumVisualStudioVersion = 10.0.40219.1
Project("{FAE04EC0-301F-11D3-BF4B-00C04F79EFBC}") = "P3tr0viCh.AppUpdate", "P3tr0viCh.AppUpdate\P3tr0viCh.AppUpdate.csproj", "{1E6AB35F-F8A1-4A04-BE3C-4573513C9CB5}"
EndProject
Global
	GlobalSection(SolutionConfigurationPlatforms) = preSolution
		Debug|Any CPU = Debug|Any CPU
		Release|Any CPU = Release|Any CPU
	EndGlobalSection
	GlobalSection(ProjectConfigurationPlatforms) = postSolution
		{1E6AB35F-F8A1-4A04-BE3C-4573513C9CB5}.Debug|Any CPU.ActiveCfg = Debug|Any CPU
		{1E6AB35F-F8A1-4A04-BE3C-4573513C9CB5}.Debug|Any CPU.Build.0 = Debug|Any CPU
		{1E6AB35F-F8A1-4A04-BE3C-4573513C9CB5}.Release|Any CPU.ActiveCfg = Release|Any CPU
		{1E6AB35F-F8A1-4A04-BE3C-4573513C9CB5}.Release|Any CPU.Build.0 = Release|Any CPU
	EndGlobalSection
	GlobalSection(SolutionProperties) = preSolution
		HideSolutionNode = FALSE
	EndGlobalSection
	GlobalSection(ExtensibilityGlobals) = postSolution
		SolutionGuid = {A8ED467F-9AB2-42AC-A576-261243DEE4C1}
	EndGlobalSection
EndGlobal
